// !$*UTF8*$!
{
	archiveVersion = 1;
	classes = {
	};
	objectVersion = 46;
	objects = {

/* Begin PBXBuildFile section */
		B237EB721CA0256F0031136B /* main.m in Sources */ = {isa = PBXBuildFile; fileRef = B237EB711CA0256F0031136B /* main.m */; };
		B237EB751CA0256F0031136B /* AppDelegate.m in Sources */ = {isa = PBXBuildFile; fileRef = B237EB741CA0256F0031136B /* AppDelegate.m */; };
		B237EB7B1CA0256F0031136B /* Main.storyboard in Resources */ = {isa = PBXBuildFile; fileRef = B237EB791CA0256F0031136B /* Main.storyboard */; };
		B237EB7D1CA0256F0031136B /* Assets.xcassets in Resources */ = {isa = PBXBuildFile; fileRef = B237EB7C1CA0256F0031136B /* Assets.xcassets */; };
		B237EB801CA0256F0031136B /* LaunchScreen.storyboard in Resources */ = {isa = PBXBuildFile; fileRef = B237EB7E1CA0256F0031136B /* LaunchScreen.storyboard */; };
		B237EB8B1CA0256F0031136B /* NearablesTouristLocationApplicationOwnerTests.m in Sources */ = {isa = PBXBuildFile; fileRef = B237EB8A1CA0256F0031136B /* NearablesTouristLocationApplicationOwnerTests.m */; };
		B237EB961CA0256F0031136B /* NearablesTouristLocationApplicationOwnerUITests.m in Sources */ = {isa = PBXBuildFile; fileRef = B237EB951CA0256F0031136B /* NearablesTouristLocationApplicationOwnerUITests.m */; };
		B237EBA51CA0271F0031136B /* OwnerLoginViewController.m in Sources */ = {isa = PBXBuildFile; fileRef = B237EBA41CA0271F0031136B /* OwnerLoginViewController.m */; };
		B237EBAC1CA045820031136B /* UpdateAttractionViewController.m in Sources */ = {isa = PBXBuildFile; fileRef = B237EBAB1CA045820031136B /* UpdateAttractionViewController.m */; };
		B237EBB41CA064440031136B /* libsqlite3.0.tbd in Frameworks */ = {isa = PBXBuildFile; fileRef = B237EBB31CA064440031136B /* libsqlite3.0.tbd */; };
		B237EBB61CA0644F0031136B /* libz.tbd in Frameworks */ = {isa = PBXBuildFile; fileRef = B237EBB51CA0644F0031136B /* libz.tbd */; };
		B237EBBA1CA064B20031136B /* SystemConfiguration.framework in Frameworks */ = {isa = PBXBuildFile; fileRef = B237EBB91CA064B20031136B /* SystemConfiguration.framework */; };
		B237EBBC1CA064C50031136B /* StoreKit.framework in Frameworks */ = {isa = PBXBuildFile; fileRef = B237EBBB1CA064C50031136B /* StoreKit.framework */; };
		B237EBBE1CA064CB0031136B /* Security.framework in Frameworks */ = {isa = PBXBuildFile; fileRef = B237EBBD1CA064CB0031136B /* Security.framework */; };
		B237EBC01CA064DF0031136B /* QuartzCore.framework in Frameworks */ = {isa = PBXBuildFile; fileRef = B237EBBF1CA064DF0031136B /* QuartzCore.framework */; };
		B237EBC21CA064E90031136B /* CoreLocation.framework in Frameworks */ = {isa = PBXBuildFile; fileRef = B237EBC11CA064E90031136B /* CoreLocation.framework */; };
		B237EBC41CA065010031136B /* CoreGraphics.framework in Frameworks */ = {isa = PBXBuildFile; fileRef = B237EBC31CA065010031136B /* CoreGraphics.framework */; };
		B237EBC61CA065140031136B /* CFNetwork.framework in Frameworks */ = {isa = PBXBuildFile; fileRef = B237EBC51CA065140031136B /* CFNetwork.framework */; };
		B237EBC81CA065310031136B /* AudioToolbox.framework in Frameworks */ = {isa = PBXBuildFile; fileRef = B237EBC71CA065310031136B /* AudioToolbox.framework */; };
		B2461A1C1CCD3A0F00CB7A92 /* b.png in Resources */ = {isa = PBXBuildFile; fileRef = B2461A1B1CCD3A0F00CB7A92 /* b.png */; };
		B2886D5C1CC6A01600B44663 /* Bolts.framework in Frameworks */ = {isa = PBXBuildFile; fileRef = B2886D5B1CC6A01600B44663 /* Bolts.framework */; };
		B2886D5E1CC6A01B00B44663 /* Parse.framework in Frameworks */ = {isa = PBXBuildFile; fileRef = B2886D5D1CC6A01B00B44663 /* Parse.framework */; };
		B2886D601CC6A02000B44663 /* ParseFacebookUtils.framework in Frameworks */ = {isa = PBXBuildFile; fileRef = B2886D5F1CC6A02000B44663 /* ParseFacebookUtils.framework */; };
		B2886D621CC6A02400B44663 /* ParseFacebookUtilsV4.framework in Frameworks */ = {isa = PBXBuildFile; fileRef = B2886D611CC6A02400B44663 /* ParseFacebookUtilsV4.framework */; };
		B2886D641CC6A02900B44663 /* ParseTwitterUtils.framework in Frameworks */ = {isa = PBXBuildFile; fileRef = B2886D631CC6A02900B44663 /* ParseTwitterUtils.framework */; };
		B2886D661CC6A02D00B44663 /* ParseUI.framework in Frameworks */ = {isa = PBXBuildFile; fileRef = B2886D651CC6A02D00B44663 /* ParseUI.framework */; };
		B2886D711CC6A6EE00B44663 /* AdminUser.m in Sources */ = {isa = PBXBuildFile; fileRef = B2886D701CC6A6EE00B44663 /* AdminUser.m */; };
		B2886D741CC6AD1F00B44663 /* TouristLocation.m in Sources */ = {isa = PBXBuildFile; fileRef = B2886D731CC6AD1F00B44663 /* TouristLocation.m */; };
		B2886D771CC6AE5900B44663 /* TouristLocationArtefact.m in Sources */ = {isa = PBXBuildFile; fileRef = B2886D761CC6AE5900B44663 /* TouristLocationArtefact.m */; };
		B296BE251CC2C2ED00E7BDB7 /* SettingsViewController.m in Sources */ = {isa = PBXBuildFile; fileRef = B296BE241CC2C2ED00E7BDB7 /* SettingsViewController.m */; };
/* End PBXBuildFile section */

/* Begin PBXContainerItemProxy section */
		B237EB871CA0256F0031136B /* PBXContainerItemProxy */ = {
			isa = PBXContainerItemProxy;
			containerPortal = B237EB651CA0256F0031136B /* Project object */;
			proxyType = 1;
			remoteGlobalIDString = B237EB6C1CA0256F0031136B;
			remoteInfo = NearablesTouristLocationApplicationOwner;
		};
		B237EB921CA0256F0031136B /* PBXContainerItemProxy */ = {
			isa = PBXContainerItemProxy;
			containerPortal = B237EB651CA0256F0031136B /* Project object */;
			proxyType = 1;
			remoteGlobalIDString = B237EB6C1CA0256F0031136B;
			remoteInfo = NearablesTouristLocationApplicationOwner;
		};
/* End PBXContainerItemProxy section */

/* Begin PBXFileReference section */
		B237EB6D1CA0256F0031136B /* bAdventurousOwner.app */ = {isa = PBXFileReference; explicitFileType = wrapper.application; includeInIndex = 0; path = bAdventurousOwner.app; sourceTree = BUILT_PRODUCTS_DIR; };
		B237EB711CA0256F0031136B /* main.m */ = {isa = PBXFileReference; lastKnownFileType = sourcecode.c.objc; path = main.m; sourceTree = "<group>"; };
		B237EB731CA0256F0031136B /* AppDelegate.h */ = {isa = PBXFileReference; lastKnownFileType = sourcecode.c.h; path = AppDelegate.h; sourceTree = "<group>"; };
		B237EB741CA0256F0031136B /* AppDelegate.m */ = {isa = PBXFileReference; lastKnownFileType = sourcecode.c.objc; path = AppDelegate.m; sourceTree = "<group>"; };
		B237EB7A1CA0256F0031136B /* Base */ = {isa = PBXFileReference; lastKnownFileType = file.storyboard; name = Base; path = Base.lproj/Main.storyboard; sourceTree = "<group>"; };
		B237EB7C1CA0256F0031136B /* Assets.xcassets */ = {isa = PBXFileReference; lastKnownFileType = folder.assetcatalog; path = Assets.xcassets; sourceTree = "<group>"; };
		B237EB7F1CA0256F0031136B /* Base */ = {isa = PBXFileReference; lastKnownFileType = file.storyboard; name = Base; path = Base.lproj/LaunchScreen.storyboard; sourceTree = "<group>"; };
		B237EB811CA0256F0031136B /* Info.plist */ = {isa = PBXFileReference; lastKnownFileType = text.plist.xml; path = Info.plist; sourceTree = "<group>"; };
		B237EB861CA0256F0031136B /* bAdventurousOwner.xctest */ = {isa = PBXFileReference; explicitFileType = wrapper.cfbundle; includeInIndex = 0; path = bAdventurousOwner.xctest; sourceTree = BUILT_PRODUCTS_DIR; };
		B237EB8A1CA0256F0031136B /* NearablesTouristLocationApplicationOwnerTests.m */ = {isa = PBXFileReference; lastKnownFileType = sourcecode.c.objc; path = NearablesTouristLocationApplicationOwnerTests.m; sourceTree = "<group>"; };
		B237EB8C1CA0256F0031136B /* Info.plist */ = {isa = PBXFileReference; lastKnownFileType = text.plist.xml; path = Info.plist; sourceTree = "<group>"; };
		B237EB911CA0256F0031136B /* bAdventurousOwner.xctest */ = {isa = PBXFileReference; explicitFileType = wrapper.cfbundle; includeInIndex = 0; path = bAdventurousOwner.xctest; sourceTree = BUILT_PRODUCTS_DIR; };
		B237EB951CA0256F0031136B /* NearablesTouristLocationApplicationOwnerUITests.m */ = {isa = PBXFileReference; lastKnownFileType = sourcecode.c.objc; path = NearablesTouristLocationApplicationOwnerUITests.m; sourceTree = "<group>"; };
		B237EB971CA0256F0031136B /* Info.plist */ = {isa = PBXFileReference; lastKnownFileType = text.plist.xml; path = Info.plist; sourceTree = "<group>"; };
		B237EBA31CA0271F0031136B /* OwnerLoginViewController.h */ = {isa = PBXFileReference; fileEncoding = 4; lastKnownFileType = sourcecode.c.h; name = OwnerLoginViewController.h; path = NearablesTouristLocationApplicationOwner/OwnerLoginViewController.h; sourceTree = "<group>"; };
		B237EBA41CA0271F0031136B /* OwnerLoginViewController.m */ = {isa = PBXFileReference; fileEncoding = 4; lastKnownFileType = sourcecode.c.objc; name = OwnerLoginViewController.m; path = NearablesTouristLocationApplicationOwner/OwnerLoginViewController.m; sourceTree = "<group>"; };
		B237EBAA1CA045820031136B /* UpdateAttractionViewController.h */ = {isa = PBXFileReference; fileEncoding = 4; lastKnownFileType = sourcecode.c.h; name = UpdateAttractionViewController.h; path = NearablesTouristLocationApplicationOwner/UpdateAttractionViewController.h; sourceTree = "<group>"; };
		B237EBAB1CA045820031136B /* UpdateAttractionViewController.m */ = {isa = PBXFileReference; fileEncoding = 4; lastKnownFileType = sourcecode.c.objc; name = UpdateAttractionViewController.m; path = NearablesTouristLocationApplicationOwner/UpdateAttractionViewController.m; sourceTree = "<group>"; };
		B237EBB31CA064440031136B /* libsqlite3.0.tbd */ = {isa = PBXFileReference; lastKnownFileType = "sourcecode.text-based-dylib-definition"; name = libsqlite3.0.tbd; path = usr/lib/libsqlite3.0.tbd; sourceTree = SDKROOT; };
		B237EBB51CA0644F0031136B /* libz.tbd */ = {isa = PBXFileReference; lastKnownFileType = "sourcecode.text-based-dylib-definition"; name = libz.tbd; path = usr/lib/libz.tbd; sourceTree = SDKROOT; };
		B237EBB91CA064B20031136B /* SystemConfiguration.framework */ = {isa = PBXFileReference; lastKnownFileType = wrapper.framework; name = SystemConfiguration.framework; path = System/Library/Frameworks/SystemConfiguration.framework; sourceTree = SDKROOT; };
		B237EBBB1CA064C50031136B /* StoreKit.framework */ = {isa = PBXFileReference; lastKnownFileType = wrapper.framework; name = StoreKit.framework; path = System/Library/Frameworks/StoreKit.framework; sourceTree = SDKROOT; };
		B237EBBD1CA064CB0031136B /* Security.framework */ = {isa = PBXFileReference; lastKnownFileType = wrapper.framework; name = Security.framework; path = System/Library/Frameworks/Security.framework; sourceTree = SDKROOT; };
		B237EBBF1CA064DF0031136B /* QuartzCore.framework */ = {isa = PBXFileReference; lastKnownFileType = wrapper.framework; name = QuartzCore.framework; path = System/Library/Frameworks/QuartzCore.framework; sourceTree = SDKROOT; };
		B237EBC11CA064E90031136B /* CoreLocation.framework */ = {isa = PBXFileReference; lastKnownFileType = wrapper.framework; name = CoreLocation.framework; path = System/Library/Frameworks/CoreLocation.framework; sourceTree = SDKROOT; };
		B237EBC31CA065010031136B /* CoreGraphics.framework */ = {isa = PBXFileReference; lastKnownFileType = wrapper.framework; name = CoreGraphics.framework; path = System/Library/Frameworks/CoreGraphics.framework; sourceTree = SDKROOT; };
		B237EBC51CA065140031136B /* CFNetwork.framework */ = {isa = PBXFileReference; lastKnownFileType = wrapper.framework; name = CFNetwork.framework; path = System/Library/Frameworks/CFNetwork.framework; sourceTree = SDKROOT; };
		B237EBC71CA065310031136B /* AudioToolbox.framework */ = {isa = PBXFileReference; lastKnownFileType = wrapper.framework; name = AudioToolbox.framework; path = System/Library/Frameworks/AudioToolbox.framework; sourceTree = SDKROOT; };
		B2461A1B1CCD3A0F00CB7A92 /* b.png */ = {isa = PBXFileReference; lastKnownFileType = image.png; path = b.png; sourceTree = "<group>"; };
		B2886D5B1CC6A01600B44663 /* Bolts.framework */ = {isa = PBXFileReference; lastKnownFileType = wrapper.framework; name = Bolts.framework; path = "parse-library-1.12.0/Bolts.framework"; sourceTree = "<group>"; };
		B2886D5D1CC6A01B00B44663 /* Parse.framework */ = {isa = PBXFileReference; lastKnownFileType = wrapper.framework; name = Parse.framework; path = "parse-library-1.12.0/Parse.framework"; sourceTree = "<group>"; };
		B2886D5F1CC6A02000B44663 /* ParseFacebookUtils.framework */ = {isa = PBXFileReference; lastKnownFileType = wrapper.framework; name = ParseFacebookUtils.framework; path = "parse-library-1.12.0/ParseFacebookUtils.framework"; sourceTree = "<group>"; };
		B2886D611CC6A02400B44663 /* ParseFacebookUtilsV4.framework */ = {isa = PBXFileReference; lastKnownFileType = wrapper.framework; name = ParseFacebookUtilsV4.framework; path = "parse-library-1.12.0/ParseFacebookUtilsV4.framework"; sourceTree = "<group>"; };
		B2886D631CC6A02900B44663 /* ParseTwitterUtils.framework */ = {isa = PBXFileReference; lastKnownFileType = wrapper.framework; name = ParseTwitterUtils.framework; path = "parse-library-1.12.0/ParseTwitterUtils.framework"; sourceTree = "<group>"; };
		B2886D651CC6A02D00B44663 /* ParseUI.framework */ = {isa = PBXFileReference; lastKnownFileType = wrapper.framework; name = ParseUI.framework; path = "parse-library-1.12.0/ParseUI.framework"; sourceTree = "<group>"; };
		B2886D6F1CC6A6EE00B44663 /* AdminUser.h */ = {isa = PBXFileReference; fileEncoding = 4; lastKnownFileType = sourcecode.c.h; path = AdminUser.h; sourceTree = "<group>"; };
		B2886D701CC6A6EE00B44663 /* AdminUser.m */ = {isa = PBXFileReference; fileEncoding = 4; lastKnownFileType = sourcecode.c.objc; path = AdminUser.m; sourceTree = "<group>"; };
		B2886D721CC6AD1F00B44663 /* TouristLocation.h */ = {isa = PBXFileReference; fileEncoding = 4; lastKnownFileType = sourcecode.c.h; path = TouristLocation.h; sourceTree = "<group>"; };
		B2886D731CC6AD1F00B44663 /* TouristLocation.m */ = {isa = PBXFileReference; fileEncoding = 4; lastKnownFileType = sourcecode.c.objc; path = TouristLocation.m; sourceTree = "<group>"; };
		B2886D751CC6AE5900B44663 /* TouristLocationArtefact.h */ = {isa = PBXFileReference; fileEncoding = 4; lastKnownFileType = sourcecode.c.h; path = TouristLocationArtefact.h; sourceTree = "<group>"; };
		B2886D761CC6AE5900B44663 /* TouristLocationArtefact.m */ = {isa = PBXFileReference; fileEncoding = 4; lastKnownFileType = sourcecode.c.objc; path = TouristLocationArtefact.m; sourceTree = "<group>"; };
		B296BE231CC2C2ED00E7BDB7 /* SettingsViewController.h */ = {isa = PBXFileReference; fileEncoding = 4; lastKnownFileType = sourcecode.c.h; name = SettingsViewController.h; path = NearablesTouristLocationApplicationOwner/SettingsViewController.h; sourceTree = "<group>"; };
		B296BE241CC2C2ED00E7BDB7 /* SettingsViewController.m */ = {isa = PBXFileReference; fileEncoding = 4; lastKnownFileType = sourcecode.c.objc; name = SettingsViewController.m; path = NearablesTouristLocationApplicationOwner/SettingsViewController.m; sourceTree = "<group>"; };
/* End PBXFileReference section */

/* Begin PBXFrameworksBuildPhase section */
		B237EB6A1CA0256F0031136B /* Frameworks */ = {
			isa = PBXFrameworksBuildPhase;
			buildActionMask = 2147483647;
			files = (
				B2886D5C1CC6A01600B44663 /* Bolts.framework in Frameworks */,
				B2886D641CC6A02900B44663 /* ParseTwitterUtils.framework in Frameworks */,
				B2886D661CC6A02D00B44663 /* ParseUI.framework in Frameworks */,
				B237EBC81CA065310031136B /* AudioToolbox.framework in Frameworks */,
				B237EBC61CA065140031136B /* CFNetwork.framework in Frameworks */,
				B237EBC41CA065010031136B /* CoreGraphics.framework in Frameworks */,
				B237EBC21CA064E90031136B /* CoreLocation.framework in Frameworks */,
				B2886D601CC6A02000B44663 /* ParseFacebookUtils.framework in Frameworks */,
				B237EBC01CA064DF0031136B /* QuartzCore.framework in Frameworks */,
				B2886D5E1CC6A01B00B44663 /* Parse.framework in Frameworks */,
				B237EBBE1CA064CB0031136B /* Security.framework in Frameworks */,
				B237EBBC1CA064C50031136B /* StoreKit.framework in Frameworks */,
				B237EBBA1CA064B20031136B /* SystemConfiguration.framework in Frameworks */,
				B237EBB61CA0644F0031136B /* libz.tbd in Frameworks */,
				B237EBB41CA064440031136B /* libsqlite3.0.tbd in Frameworks */,
				B2886D621CC6A02400B44663 /* ParseFacebookUtilsV4.framework in Frameworks */,
			);
			runOnlyForDeploymentPostprocessing = 0;
		};
		B237EB831CA0256F0031136B /* Frameworks */ = {
			isa = PBXFrameworksBuildPhase;
			buildActionMask = 2147483647;
			files = (
			);
			runOnlyForDeploymentPostprocessing = 0;
		};
		B237EB8E1CA0256F0031136B /* Frameworks */ = {
			isa = PBXFrameworksBuildPhase;
			buildActionMask = 2147483647;
			files = (
			);
			runOnlyForDeploymentPostprocessing = 0;
		};
/* End PBXFrameworksBuildPhase section */

/* Begin PBXGroup section */
		B237EB641CA0256F0031136B = {
			isa = PBXGroup;
			children = (
				B2461A1B1CCD3A0F00CB7A92 /* b.png */,
				B2886D5A1CC69FE600B44663 /* Parse */,
				B237EB6F1CA0256F0031136B /* bAdventurousOwner */,
				B237EB891CA0256F0031136B /* bAdventurousOwnerTests */,
				B237EB941CA0256F0031136B /* bAdventurousOwnerUITests */,
				B237EB6E1CA0256F0031136B /* Products */,
			);
			sourceTree = "<group>";
		};
		B237EB6E1CA0256F0031136B /* Products */ = {
			isa = PBXGroup;
			children = (
				B237EB6D1CA0256F0031136B /* bAdventurousOwner.app */,
				B237EB861CA0256F0031136B /* bAdventurousOwner.xctest */,
				B237EB911CA0256F0031136B /* bAdventurousOwner.xctest */,
			);
			name = Products;
			sourceTree = "<group>";
		};
		B237EB6F1CA0256F0031136B /* bAdventurousOwner */ = {
			isa = PBXGroup;
			children = (
				B2886D681CC6A40200B44663 /* Controllers */,
				B2886D671CC6A3FA00B44663 /* Models */,
				B237EB731CA0256F0031136B /* AppDelegate.h */,
				B237EB741CA0256F0031136B /* AppDelegate.m */,
				B237EB791CA0256F0031136B /* Main.storyboard */,
				B237EB7C1CA0256F0031136B /* Assets.xcassets */,
				B237EB7E1CA0256F0031136B /* LaunchScreen.storyboard */,
				B237EB811CA0256F0031136B /* Info.plist */,
				B237EB701CA0256F0031136B /* Supporting Files */,
			);
			name = bAdventurousOwner;
			path = NearablesTouristLocationApplicationOwner;
			sourceTree = "<group>";
		};
		B237EB701CA0256F0031136B /* Supporting Files */ = {
			isa = PBXGroup;
			children = (
				B237EB711CA0256F0031136B /* main.m */,
			);
			name = "Supporting Files";
			sourceTree = "<group>";
		};
		B237EB891CA0256F0031136B /* bAdventurousOwnerTests */ = {
			isa = PBXGroup;
			children = (
				B237EB8A1CA0256F0031136B /* NearablesTouristLocationApplicationOwnerTests.m */,
				B237EB8C1CA0256F0031136B /* Info.plist */,
			);
			name = bAdventurousOwnerTests;
			path = NearablesTouristLocationApplicationOwnerTests;
			sourceTree = "<group>";
		};
		B237EB941CA0256F0031136B /* bAdventurousOwnerUITests */ = {
			isa = PBXGroup;
			children = (
				B237EB951CA0256F0031136B /* NearablesTouristLocationApplicationOwnerUITests.m */,
				B237EB971CA0256F0031136B /* Info.plist */,
			);
			name = bAdventurousOwnerUITests;
			path = NearablesTouristLocationApplicationOwnerUITests;
			sourceTree = "<group>";
		};
		B2886D5A1CC69FE600B44663 /* Parse */ = {
			isa = PBXGroup;
			children = (
				B237EBB31CA064440031136B /* libsqlite3.0.tbd */,
				B237EBB51CA0644F0031136B /* libz.tbd */,
				B2886D651CC6A02D00B44663 /* ParseUI.framework */,
				B2886D631CC6A02900B44663 /* ParseTwitterUtils.framework */,
				B2886D611CC6A02400B44663 /* ParseFacebookUtilsV4.framework */,
				B2886D5F1CC6A02000B44663 /* ParseFacebookUtils.framework */,
				B2886D5D1CC6A01B00B44663 /* Parse.framework */,
				B2886D5B1CC6A01600B44663 /* Bolts.framework */,
				B237EBB91CA064B20031136B /* SystemConfiguration.framework */,
				B237EBBB1CA064C50031136B /* StoreKit.framework */,
				B237EBBD1CA064CB0031136B /* Security.framework */,
				B237EBBF1CA064DF0031136B /* QuartzCore.framework */,
				B237EBC11CA064E90031136B /* CoreLocation.framework */,
				B237EBC31CA065010031136B /* CoreGraphics.framework */,
				B237EBC51CA065140031136B /* CFNetwork.framework */,
				B237EBC71CA065310031136B /* AudioToolbox.framework */,
			);
			name = Parse;
			sourceTree = "<group>";
		};
		B2886D671CC6A3FA00B44663 /* Models */ = {
			isa = PBXGroup;
			children = (
				B2886D751CC6AE5900B44663 /* TouristLocationArtefact.h */,
				B2886D761CC6AE5900B44663 /* TouristLocationArtefact.m */,
				B2886D721CC6AD1F00B44663 /* TouristLocation.h */,
				B2886D731CC6AD1F00B44663 /* TouristLocation.m */,
				B2886D6F1CC6A6EE00B44663 /* AdminUser.h */,
				B2886D701CC6A6EE00B44663 /* AdminUser.m */,
			);
			name = Models;
			path = ..;
			sourceTree = "<group>";
		};
		B2886D681CC6A40200B44663 /* Controllers */ = {
			isa = PBXGroup;
			children = (
				B237EBA31CA0271F0031136B /* OwnerLoginViewController.h */,
				B237EBA41CA0271F0031136B /* OwnerLoginViewController.m */,
				B296BE231CC2C2ED00E7BDB7 /* SettingsViewController.h */,
				B296BE241CC2C2ED00E7BDB7 /* SettingsViewController.m */,
				B237EBAA1CA045820031136B /* UpdateAttractionViewController.h */,
				B237EBAB1CA045820031136B /* UpdateAttractionViewController.m */,
			);
			name = Controllers;
			path = ..;
			sourceTree = "<group>";
		};
/* End PBXGroup section */

/* Begin PBXNativeTarget section */
		B237EB6C1CA0256F0031136B /* bAdventurousOwner */ = {
			isa = PBXNativeTarget;
			buildConfigurationList = B237EB9A1CA0256F0031136B /* Build configuration list for PBXNativeTarget "bAdventurousOwner" */;
			buildPhases = (
				B237EB691CA0256F0031136B /* Sources */,
				B237EB6A1CA0256F0031136B /* Frameworks */,
				B237EB6B1CA0256F0031136B /* Resources */,
			);
			buildRules = (
			);
			dependencies = (
			);
			name = bAdventurousOwner;
			productName = NearablesTouristLocationApplicationOwner;
			productReference = B237EB6D1CA0256F0031136B /* bAdventurousOwner.app */;
			productType = "com.apple.product-type.application";
		};
		B237EB851CA0256F0031136B /* bAdventurousOwnerTests */ = {
			isa = PBXNativeTarget;
			buildConfigurationList = B237EB9D1CA0256F0031136B /* Build configuration list for PBXNativeTarget "bAdventurousOwnerTests" */;
			buildPhases = (
				B237EB821CA0256F0031136B /* Sources */,
				B237EB831CA0256F0031136B /* Frameworks */,
				B237EB841CA0256F0031136B /* Resources */,
			);
			buildRules = (
			);
			dependencies = (
				B237EB881CA0256F0031136B /* PBXTargetDependency */,
			);
			name = bAdventurousOwnerTests;
			productName = NearablesTouristLocationApplicationOwnerTests;
			productReference = B237EB861CA0256F0031136B /* bAdventurousOwner.xctest */;
			productType = "com.apple.product-type.bundle.unit-test";
		};
		B237EB901CA0256F0031136B /* bAdventurousOwnerUITests */ = {
			isa = PBXNativeTarget;
			buildConfigurationList = B237EBA01CA0256F0031136B /* Build configuration list for PBXNativeTarget "bAdventurousOwnerUITests" */;
			buildPhases = (
				B237EB8D1CA0256F0031136B /* Sources */,
				B237EB8E1CA0256F0031136B /* Frameworks */,
				B237EB8F1CA0256F0031136B /* Resources */,
			);
			buildRules = (
			);
			dependencies = (
				B237EB931CA0256F0031136B /* PBXTargetDependency */,
			);
			name = bAdventurousOwnerUITests;
			productName = NearablesTouristLocationApplicationOwnerUITests;
			productReference = B237EB911CA0256F0031136B /* bAdventurousOwner.xctest */;
			productType = "com.apple.product-type.bundle.ui-testing";
		};
/* End PBXNativeTarget section */

/* Begin PBXProject section */
		B237EB651CA0256F0031136B /* Project object */ = {
			isa = PBXProject;
			attributes = {
				LastUpgradeCheck = 0720;
				ORGANIZATIONNAME = "Toireasa Moley";
				TargetAttributes = {
					B237EB6C1CA0256F0031136B = {
						CreatedOnToolsVersion = 7.2.1;
						DevelopmentTeam = 67P8J643R9;
					};
					B237EB851CA0256F0031136B = {
						CreatedOnToolsVersion = 7.2.1;
						DevelopmentTeam = 67P8J643R9;
						TestTargetID = B237EB6C1CA0256F0031136B;
					};
					B237EB901CA0256F0031136B = {
						CreatedOnToolsVersion = 7.2.1;
						DevelopmentTeam = 67P8J643R9;
						TestTargetID = B237EB6C1CA0256F0031136B;
					};
				};
			};
			buildConfigurationList = B237EB681CA0256F0031136B /* Build configuration list for PBXProject "bAdventurousOwner" */;
			compatibilityVersion = "Xcode 3.2";
			developmentRegion = English;
			hasScannedForEncodings = 0;
			knownRegions = (
				en,
				Base,
			);
			mainGroup = B237EB641CA0256F0031136B;
			productRefGroup = B237EB6E1CA0256F0031136B /* Products */;
			projectDirPath = "";
			projectRoot = "";
			targets = (
				B237EB6C1CA0256F0031136B /* bAdventurousOwner */,
				B237EB851CA0256F0031136B /* bAdventurousOwnerTests */,
				B237EB901CA0256F0031136B /* bAdventurousOwnerUITests */,
			);
		};
/* End PBXProject section */

/* Begin PBXResourcesBuildPhase section */
		B237EB6B1CA0256F0031136B /* Resources */ = {
			isa = PBXResourcesBuildPhase;
			buildActionMask = 2147483647;
			files = (
				B237EB801CA0256F0031136B /* LaunchScreen.storyboard in Resources */,
				B237EB7D1CA0256F0031136B /* Assets.xcassets in Resources */,
				B2461A1C1CCD3A0F00CB7A92 /* b.png in Resources */,
				B237EB7B1CA0256F0031136B /* Main.storyboard in Resources */,
			);
			runOnlyForDeploymentPostprocessing = 0;
		};
		B237EB841CA0256F0031136B /* Resources */ = {
			isa = PBXResourcesBuildPhase;
			buildActionMask = 2147483647;
			files = (
			);
			runOnlyForDeploymentPostprocessing = 0;
		};
		B237EB8F1CA0256F0031136B /* Resources */ = {
			isa = PBXResourcesBuildPhase;
			buildActionMask = 2147483647;
			files = (
			);
			runOnlyForDeploymentPostprocessing = 0;
		};
/* End PBXResourcesBuildPhase section */

/* Begin PBXSourcesBuildPhase section */
		B237EB691CA0256F0031136B /* Sources */ = {
			isa = PBXSourcesBuildPhase;
			buildActionMask = 2147483647;
			files = (
				B2886D741CC6AD1F00B44663 /* TouristLocation.m in Sources */,
				B2886D771CC6AE5900B44663 /* TouristLocationArtefact.m in Sources */,
				B237EBA51CA0271F0031136B /* OwnerLoginViewController.m in Sources */,
				B237EBAC1CA045820031136B /* UpdateAttractionViewController.m in Sources */,
				B296BE251CC2C2ED00E7BDB7 /* SettingsViewController.m in Sources */,
				B237EB751CA0256F0031136B /* AppDelegate.m in Sources */,
				B2886D711CC6A6EE00B44663 /* AdminUser.m in Sources */,
				B237EB721CA0256F0031136B /* main.m in Sources */,
			);
			runOnlyForDeploymentPostprocessing = 0;
		};
		B237EB821CA0256F0031136B /* Sources */ = {
			isa = PBXSourcesBuildPhase;
			buildActionMask = 2147483647;
			files = (
				B237EB8B1CA0256F0031136B /* NearablesTouristLocationApplicationOwnerTests.m in Sources */,
			);
			runOnlyForDeploymentPostprocessing = 0;
		};
		B237EB8D1CA0256F0031136B /* Sources */ = {
			isa = PBXSourcesBuildPhase;
			buildActionMask = 2147483647;
			files = (
				B237EB961CA0256F0031136B /* NearablesTouristLocationApplicationOwnerUITests.m in Sources */,
			);
			runOnlyForDeploymentPostprocessing = 0;
		};
/* End PBXSourcesBuildPhase section */

/* Begin PBXTargetDependency section */
		B237EB881CA0256F0031136B /* PBXTargetDependency */ = {
			isa = PBXTargetDependency;
			target = B237EB6C1CA0256F0031136B /* bAdventurousOwner */;
			targetProxy = B237EB871CA0256F0031136B /* PBXContainerItemProxy */;
		};
		B237EB931CA0256F0031136B /* PBXTargetDependency */ = {
			isa = PBXTargetDependency;
			target = B237EB6C1CA0256F0031136B /* bAdventurousOwner */;
			targetProxy = B237EB921CA0256F0031136B /* PBXContainerItemProxy */;
		};
/* End PBXTargetDependency section */

/* Begin PBXVariantGroup section */
		B237EB791CA0256F0031136B /* Main.storyboard */ = {
			isa = PBXVariantGroup;
			children = (
				B237EB7A1CA0256F0031136B /* Base */,
			);
			name = Main.storyboard;
			sourceTree = "<group>";
		};
		B237EB7E1CA0256F0031136B /* LaunchScreen.storyboard */ = {
			isa = PBXVariantGroup;
			children = (
				B237EB7F1CA0256F0031136B /* Base */,
			);
			name = LaunchScreen.storyboard;
			sourceTree = "<group>";
		};
/* End PBXVariantGroup section */

/* Begin XCBuildConfiguration section */
		B237EB981CA0256F0031136B /* Debug */ = {
			isa = XCBuildConfiguration;
			buildSettings = {
				ALWAYS_SEARCH_USER_PATHS = NO;
				CLANG_CXX_LANGUAGE_STANDARD = "gnu++0x";
				CLANG_CXX_LIBRARY = "libc++";
				CLANG_ENABLE_MODULES = YES;
				CLANG_ENABLE_OBJC_ARC = YES;
				CLANG_WARN_BOOL_CONVERSION = YES;
				CLANG_WARN_CONSTANT_CONVERSION = YES;
				CLANG_WARN_DIRECT_OBJC_ISA_USAGE = YES_ERROR;
				CLANG_WARN_EMPTY_BODY = YES;
				CLANG_WARN_ENUM_CONVERSION = YES;
				CLANG_WARN_INT_CONVERSION = YES;
				CLANG_WARN_OBJC_ROOT_CLASS = YES_ERROR;
				CLANG_WARN_UNREACHABLE_CODE = YES;
				CLANG_WARN__DUPLICATE_METHOD_MATCH = YES;
				"CODE_SIGN_IDENTITY[sdk=iphoneos*]" = "iPhone Developer";
				COPY_PHASE_STRIP = NO;
				DEBUG_INFORMATION_FORMAT = dwarf;
				ENABLE_STRICT_OBJC_MSGSEND = YES;
				ENABLE_TESTABILITY = YES;
				GCC_C_LANGUAGE_STANDARD = gnu99;
				GCC_DYNAMIC_NO_PIC = NO;
				GCC_NO_COMMON_BLOCKS = YES;
				GCC_OPTIMIZATION_LEVEL = 0;
				GCC_PREPROCESSOR_DEFINITIONS = (
					"DEBUG=1",
					"$(inherited)",
				);
				GCC_WARN_64_TO_32_BIT_CONVERSION = YES;
				GCC_WARN_ABOUT_RETURN_TYPE = YES_ERROR;
				GCC_WARN_UNDECLARED_SELECTOR = YES;
				GCC_WARN_UNINITIALIZED_AUTOS = YES_AGGRESSIVE;
				GCC_WARN_UNUSED_FUNCTION = YES;
				GCC_WARN_UNUSED_VARIABLE = YES;
				IPHONEOS_DEPLOYMENT_TARGET = 9.2;
				MTL_ENABLE_DEBUG_INFO = YES;
				ONLY_ACTIVE_ARCH = YES;
				SDKROOT = iphoneos;
				TARGETED_DEVICE_FAMILY = "1,2";
			};
			name = Debug;
		};
		B237EB991CA0256F0031136B /* Release */ = {
			isa = XCBuildConfiguration;
			buildSettings = {
				ALWAYS_SEARCH_USER_PATHS = NO;
				CLANG_CXX_LANGUAGE_STANDARD = "gnu++0x";
				CLANG_CXX_LIBRARY = "libc++";
				CLANG_ENABLE_MODULES = YES;
				CLANG_ENABLE_OBJC_ARC = YES;
				CLANG_WARN_BOOL_CONVERSION = YES;
				CLANG_WARN_CONSTANT_CONVERSION = YES;
				CLANG_WARN_DIRECT_OBJC_ISA_USAGE = YES_ERROR;
				CLANG_WARN_EMPTY_BODY = YES;
				CLANG_WARN_ENUM_CONVERSION = YES;
				CLANG_WARN_INT_CONVERSION = YES;
				CLANG_WARN_OBJC_ROOT_CLASS = YES_ERROR;
				CLANG_WARN_UNREACHABLE_CODE = YES;
				CLANG_WARN__DUPLICATE_METHOD_MATCH = YES;
				"CODE_SIGN_IDENTITY[sdk=iphoneos*]" = "iPhone Developer";
				COPY_PHASE_STRIP = NO;
				DEBUG_INFORMATION_FORMAT = "dwarf-with-dsym";
				ENABLE_NS_ASSERTIONS = NO;
				ENABLE_STRICT_OBJC_MSGSEND = YES;
				GCC_C_LANGUAGE_STANDARD = gnu99;
				GCC_NO_COMMON_BLOCKS = YES;
				GCC_WARN_64_TO_32_BIT_CONVERSION = YES;
				GCC_WARN_ABOUT_RETURN_TYPE = YES_ERROR;
				GCC_WARN_UNDECLARED_SELECTOR = YES;
				GCC_WARN_UNINITIALIZED_AUTOS = YES_AGGRESSIVE;
				GCC_WARN_UNUSED_FUNCTION = YES;
				GCC_WARN_UNUSED_VARIABLE = YES;
				IPHONEOS_DEPLOYMENT_TARGET = 9.2;
				MTL_ENABLE_DEBUG_INFO = NO;
				SDKROOT = iphoneos;
				TARGETED_DEVICE_FAMILY = "1,2";
				VALIDATE_PRODUCT = YES;
			};
			name = Release;
		};
		B237EB9B1CA0256F0031136B /* Debug */ = {
			isa = XCBuildConfiguration;
			buildSettings = {
				ASSETCATALOG_COMPILER_APPICON_NAME = AppIcon;
				FRAMEWORK_SEARCH_PATHS = (
					"$(inherited)",
					"$(PROJECT_DIR)/parse-library-1.12.0",
					"$(PROJECT_DIR)/NearablesTouristLocationApplicationOwner",
				);
				INFOPLIST_FILE = NearablesTouristLocationApplicationOwner/Info.plist;
				IPHONEOS_DEPLOYMENT_TARGET = 9.1;
				LD_RUNPATH_SEARCH_PATHS = "$(inherited) @executable_path/Frameworks";
				PRODUCT_BUNDLE_IDENTIFIER = toireasa.NearablesTouristLocationApplicationOwner;
				PRODUCT_NAME = bAdventurousOwner;
			};
			name = Debug;
		};
		B237EB9C1CA0256F0031136B /* Release */ = {
			isa = XCBuildConfiguration;
			buildSettings = {
				ASSETCATALOG_COMPILER_APPICON_NAME = AppIcon;
				FRAMEWORK_SEARCH_PATHS = (
					"$(inherited)",
					"$(PROJECT_DIR)/parse-library-1.12.0",
					"$(PROJECT_DIR)/NearablesTouristLocationApplicationOwner",
				);
				INFOPLIST_FILE = NearablesTouristLocationApplicationOwner/Info.plist;
				IPHONEOS_DEPLOYMENT_TARGET = 9.1;
				LD_RUNPATH_SEARCH_PATHS = "$(inherited) @executable_path/Frameworks";
				PRODUCT_BUNDLE_IDENTIFIER = toireasa.NearablesTouristLocationApplicationOwner;
				PRODUCT_NAME = bAdventurousOwner;
			};
			name = Release;
		};
		B237EB9E1CA0256F0031136B /* Debug */ = {
			isa = XCBuildConfiguration;
			buildSettings = {
				BUNDLE_LOADER = "$(TEST_HOST)";
				INFOPLIST_FILE = NearablesTouristLocationApplicationOwnerTests/Info.plist;
				LD_RUNPATH_SEARCH_PATHS = "$(inherited) @executable_path/Frameworks @loader_path/Frameworks";
				PRODUCT_BUNDLE_IDENTIFIER = toireasa.NearablesTouristLocationApplicationOwnerTests;
				PRODUCT_NAME = bAdventurousOwner;
				TEST_HOST = "$(BUILT_PRODUCTS_DIR)/bAdventurousOwner.app/bAdventurousOwner";
			};
			name = Debug;
		};
		B237EB9F1CA0256F0031136B /* Release */ = {
			isa = XCBuildConfiguration;
			buildSettings = {
				BUNDLE_LOADER = "$(TEST_HOST)";
				INFOPLIST_FILE = NearablesTouristLocationApplicationOwnerTests/Info.plist;
				LD_RUNPATH_SEARCH_PATHS = "$(inherited) @executable_path/Frameworks @loader_path/Frameworks";
				PRODUCT_BUNDLE_IDENTIFIER = toireasa.NearablesTouristLocationApplicationOwnerTests;
				PRODUCT_NAME = bAdventurousOwner;
				TEST_HOST = "$(BUILT_PRODUCTS_DIR)/bAdventurousOwner.app/bAdventurousOwner";
			};
			name = Release;
		};
		B237EBA11CA0256F0031136B /* Debug */ = {
			isa = XCBuildConfiguration;
			buildSettings = {
				INFOPLIST_FILE = NearablesTouristLocationApplicationOwnerUITests/Info.plist;
				LD_RUNPATH_SEARCH_PATHS = "$(inherited) @executable_path/Frameworks @loader_path/Frameworks";
				PRODUCT_BUNDLE_IDENTIFIER = toireasa.NearablesTouristLocationApplicationOwnerUITests;
				PRODUCT_NAME = bAdventurousOwner;
				TEST_TARGET_NAME = NearablesTouristLocationApplicationOwner;
				USES_XCTRUNNER = YES;
			};
			name = Debug;
		};
		B237EBA21CA0256F0031136B /* Release */ = {
			isa = XCBuildConfiguration;
			buildSettings = {
				INFOPLIST_FILE = NearablesTouristLocationApplicationOwnerUITests/Info.plist;
				LD_RUNPATH_SEARCH_PATHS = "$(inherited) @executable_path/Frameworks @loader_path/Frameworks";
				PRODUCT_BUNDLE_IDENTIFIER = toireasa.NearablesTouristLocationApplicationOwnerUITests;
				PRODUCT_NAME = bAdventurousOwner;
				TEST_TARGET_NAME = NearablesTouristLocationApplicationOwner;
				USES_XCTRUNNER = YES;
			};
			name = Release;
		};
/* End XCBuildConfiguration section */

/* Begin XCConfigurationList section */
		B237EB681CA0256F0031136B /* Build configuration list for PBXProject "bAdventurousOwner" */ = {
			isa = XCConfigurationList;
			buildConfigurations = (
				B237EB981CA0256F0031136B /* Debug */,
				B237EB991CA0256F0031136B /* Release */,
			);
			defaultConfigurationIsVisible = 0;
			defaultConfigurationName = Release;
		};
		B237EB9A1CA0256F0031136B /* Build configuration list for PBXNativeTarget "bAdventurousOwner" */ = {
			isa = XCConfigurationList;
			buildConfigurations = (
				B237EB9B1CA0256F0031136B /* Debug */,
				B237EB9C1CA0256F0031136B /* Release */,
			);
			defaultConfigurationIsVisible = 0;
			defaultConfigurationName = Release;
		};
		B237EB9D1CA0256F0031136B /* Build configuration list for PBXNativeTarget "bAdventurousOwnerTests" */ = {
			isa = XCConfigurationList;
			buildConfigurations = (
				B237EB9E1CA0256F0031136B /* Debug */,
				B237EB9F1CA0256F0031136B /* Release */,
			);
			defaultConfigurationIsVisible = 0;
			defaultConfigurationName = Release;
		};
		B237EBA01CA0256F0031136B /* Build configuration list for PBXNativeTarget "bAdventurousOwnerUITests" */ = {
			isa = XCConfigurationList;
			buildConfigurations = (
				B237EBA11CA0256F0031136B /* Debug */,
				B237EBA21CA0256F0031136B /* Release */,
			);
			defaultConfigurationIsVisible = 0;
			defaultConfigurationName = Release;
		};
/* End XCConfigurationList section */
	};
	rootObject = B237EB651CA0256F0031136B /* Project object */;
}
