// !$*UTF8*$!
{
	archiveVersion = 1;
	classes = {
	};
	objectVersion = 46;
	objects = {

/* Begin PBXBuildFile section */
		B237EB721CA0256F0031136B /* main.m in Sources */ = {isa = PBXBuildFile; fileRef = B237EB711CA0256F0031136B /* main.m */; };
		B237EB751CA0256F0031136B /* AppDelegate.m in Sources */ = {isa = PBXBuildFile; fileRef = B237EB741CA0256F0031136B /* AppDelegate.m */; };
		B237EB7B1CA0256F0031136B /* Main.storyboard in Resources */ = {isa = PBXBuildFile; fileRef = B237EB791CA0256F0031136B /* Main.storyboard */; };
		B237EB7D1CA0256F0031136B /* Assets.xcassets in Resources */ = {isa = PBXBuildFile; fileRef = B237EB7C1CA0256F0031136B /* Assets.xcassets */; };
		B237EB801CA0256F0031136B /* LaunchScreen.storyboard in Resources */ = {isa = PBXBuildFile; fileRef = B237EB7E1CA0256F0031136B /* LaunchScreen.storyboard */; };
		B237EB8B1CA0256F0031136B /* NearablesTouristLocationApplicationOwnerTests.m in Sources */ = {isa = PBXBuildFile; fileRef = B237EB8A1CA0256F0031136B /* NearablesTouristLocationApplicationOwnerTests.m */; };
		B237EB961CA0256F0031136B /* NearablesTouristLocationApplicationOwnerUITests.m in Sources */ = {isa = PBXBuildFile; fileRef = B237EB951CA0256F0031136B /* NearablesTouristLocationApplicationOwnerUITests.m */; };
		B237EBA51CA0271F0031136B /* OwnerLoginViewController.m in Sources */ = {isa = PBXBuildFile; fileRef = B237EBA41CA0271F0031136B /* OwnerLoginViewController.m */; };
		B237EBA71CA027680031136B /* parse-library-1.12.0 in Resources */ = {isa = PBXBuildFile; fileRef = B237EBA61CA027680031136B /* parse-library-1.12.0 */; };
		B237EBA91CA040E70031136B /* Parse.framework in Frameworks */ = {isa = PBXBuildFile; fileRef = B237EBA81CA040E70031136B /* Parse.framework */; };
		B237EBAC1CA045820031136B /* AdminViewController.m in Sources */ = {isa = PBXBuildFile; fileRef = B237EBAB1CA045820031136B /* AdminViewController.m */; };
		B237EBB01CA049ED0031136B /* ParseUI.framework in Frameworks */ = {isa = PBXBuildFile; fileRef = B237EBAF1CA049ED0031136B /* ParseUI.framework */; };
		B237EBB21CA063D70031136B /* Bolts.framework in Frameworks */ = {isa = PBXBuildFile; fileRef = B237EBB11CA063D70031136B /* Bolts.framework */; };
		B237EBB41CA064440031136B /* libsqlite3.0.tbd in Frameworks */ = {isa = PBXBuildFile; fileRef = B237EBB31CA064440031136B /* libsqlite3.0.tbd */; };
		B237EBB61CA0644F0031136B /* libz.tbd in Frameworks */ = {isa = PBXBuildFile; fileRef = B237EBB51CA0644F0031136B /* libz.tbd */; };
		B237EBB81CA064910031136B /* ParseTwitterUtils.framework in Frameworks */ = {isa = PBXBuildFile; fileRef = B237EBB71CA064910031136B /* ParseTwitterUtils.framework */; };
		B237EBBA1CA064B20031136B /* SystemConfiguration.framework in Frameworks */ = {isa = PBXBuildFile; fileRef = B237EBB91CA064B20031136B /* SystemConfiguration.framework */; };
		B237EBBC1CA064C50031136B /* StoreKit.framework in Frameworks */ = {isa = PBXBuildFile; fileRef = B237EBBB1CA064C50031136B /* StoreKit.framework */; };
		B237EBBE1CA064CB0031136B /* Security.framework in Frameworks */ = {isa = PBXBuildFile; fileRef = B237EBBD1CA064CB0031136B /* Security.framework */; };
		B237EBC01CA064DF0031136B /* QuartzCore.framework in Frameworks */ = {isa = PBXBuildFile; fileRef = B237EBBF1CA064DF0031136B /* QuartzCore.framework */; };
		B237EBC21CA064E90031136B /* CoreLocation.framework in Frameworks */ = {isa = PBXBuildFile; fileRef = B237EBC11CA064E90031136B /* CoreLocation.framework */; };
		B237EBC41CA065010031136B /* CoreGraphics.framework in Frameworks */ = {isa = PBXBuildFile; fileRef = B237EBC31CA065010031136B /* CoreGraphics.framework */; };
		B237EBC61CA065140031136B /* CFNetwork.framework in Frameworks */ = {isa = PBXBuildFile; fileRef = B237EBC51CA065140031136B /* CFNetwork.framework */; };
		B237EBC81CA065310031136B /* AudioToolbox.framework in Frameworks */ = {isa = PBXBuildFile; fileRef = B237EBC71CA065310031136B /* AudioToolbox.framework */; };
		B296BE251CC2C2ED00E7BDB7 /* SettingsViewController.m in Sources */ = {isa = PBXBuildFile; fileRef = B296BE241CC2C2ED00E7BDB7 /* SettingsViewController.m */; };
/* End PBXBuildFile section */

/* Begin PBXContainerItemProxy section */
		B237EB871CA0256F0031136B /* PBXContainerItemProxy */ = {
			isa = PBXContainerItemProxy;
			containerPortal = B237EB651CA0256F0031136B /* Project object */;
			proxyType = 1;
			remoteGlobalIDString = B237EB6C1CA0256F0031136B;
			remoteInfo = NearablesTouristLocationApplicationOwner;
		};
		B237EB921CA0256F0031136B /* PBXContainerItemProxy */ = {
			isa = PBXContainerItemProxy;
			containerPortal = B237EB651CA0256F0031136B /* Project object */;
			proxyType = 1;
			remoteGlobalIDString = B237EB6C1CA0256F0031136B;
			remoteInfo = NearablesTouristLocationApplicationOwner;
		};
/* End PBXContainerItemProxy section */

/* Begin PBXFileReference section */
		B237EB6D1CA0256F0031136B /* NearablesTouristLocationApplicationOwner.app */ = {isa = PBXFileReference; explicitFileType = wrapper.application; includeInIndex = 0; path = NearablesTouristLocationApplicationOwner.app; sourceTree = BUILT_PRODUCTS_DIR; };
		B237EB711CA0256F0031136B /* main.m */ = {isa = PBXFileReference; lastKnownFileType = sourcecode.c.objc; path = main.m; sourceTree = "<group>"; };
		B237EB731CA0256F0031136B /* AppDelegate.h */ = {isa = PBXFileReference; lastKnownFileType = sourcecode.c.h; path = AppDelegate.h; sourceTree = "<group>"; };
		B237EB741CA0256F0031136B /* AppDelegate.m */ = {isa = PBXFileReference; lastKnownFileType = sourcecode.c.objc; path = AppDelegate.m; sourceTree = "<group>"; };
		B237EB7A1CA0256F0031136B /* Base */ = {isa = PBXFileReference; lastKnownFileType = file.storyboard; name = Base; path = Base.lproj/Main.storyboard; sourceTree = "<group>"; };
		B237EB7C1CA0256F0031136B /* Assets.xcassets */ = {isa = PBXFileReference; lastKnownFileType = folder.assetcatalog; path = Assets.xcassets; sourceTree = "<group>"; };
		B237EB7F1CA0256F0031136B /* Base */ = {isa = PBXFileReference; lastKnownFileType = file.storyboard; name = Base; path = Base.lproj/LaunchScreen.storyboard; sourceTree = "<group>"; };
		B237EB811CA0256F0031136B /* Info.plist */ = {isa = PBXFileReference; lastKnownFileType = text.plist.xml; path = Info.plist; sourceTree = "<group>"; };
		B237EB861CA0256F0031136B /* NearablesTouristLocationApplicationOwnerTests.xctest */ = {isa = PBXFileReference; explicitFileType = wrapper.cfbundle; includeInIndex = 0; path = NearablesTouristLocationApplicationOwnerTests.xctest; sourceTree = BUILT_PRODUCTS_DIR; };
		B237EB8A1CA0256F0031136B /* NearablesTouristLocationApplicationOwnerTests.m */ = {isa = PBXFileReference; lastKnownFileType = sourcecode.c.objc; path = NearablesTouristLocationApplicationOwnerTests.m; sourceTree = "<group>"; };
		B237EB8C1CA0256F0031136B /* Info.plist */ = {isa = PBXFileReference; lastKnownFileType = text.plist.xml; path = Info.plist; sourceTree = "<group>"; };
		B237EB911CA0256F0031136B /* NearablesTouristLocationApplicationOwnerUITests.xctest */ = {isa = PBXFileReference; explicitFileType = wrapper.cfbundle; includeInIndex = 0; path = NearablesTouristLocationApplicationOwnerUITests.xctest; sourceTree = BUILT_PRODUCTS_DIR; };
		B237EB951CA0256F0031136B /* NearablesTouristLocationApplicationOwnerUITests.m */ = {isa = PBXFileReference; lastKnownFileType = sourcecode.c.objc; path = NearablesTouristLocationApplicationOwnerUITests.m; sourceTree = "<group>"; };
		B237EB971CA0256F0031136B /* Info.plist */ = {isa = PBXFileReference; lastKnownFileType = text.plist.xml; path = Info.plist; sourceTree = "<group>"; };
		B237EBA31CA0271F0031136B /* OwnerLoginViewController.h */ = {isa = PBXFileReference; fileEncoding = 4; lastKnownFileType = sourcecode.c.h; path = OwnerLoginViewController.h; sourceTree = "<group>"; };
		B237EBA41CA0271F0031136B /* OwnerLoginViewController.m */ = {isa = PBXFileReference; fileEncoding = 4; lastKnownFileType = sourcecode.c.objc; path = OwnerLoginViewController.m; sourceTree = "<group>"; };
		B237EBA61CA027680031136B /* parse-library-1.12.0 */ = {isa = PBXFileReference; lastKnownFileType = folder; path = "parse-library-1.12.0"; sourceTree = "<group>"; };
		B237EBA81CA040E70031136B /* Parse.framework */ = {isa = PBXFileReference; lastKnownFileType = wrapper.framework; name = Parse.framework; path = "parse-library-1.12.0/Parse.framework"; sourceTree = "<group>"; };
		B237EBAA1CA045820031136B /* AdminViewController.h */ = {isa = PBXFileReference; fileEncoding = 4; lastKnownFileType = sourcecode.c.h; path = AdminViewController.h; sourceTree = "<group>"; };
		B237EBAB1CA045820031136B /* AdminViewController.m */ = {isa = PBXFileReference; fileEncoding = 4; lastKnownFileType = sourcecode.c.objc; path = AdminViewController.m; sourceTree = "<group>"; };
		B237EBAF1CA049ED0031136B /* ParseUI.framework */ = {isa = PBXFileReference; lastKnownFileType = wrapper.framework; name = ParseUI.framework; path = "parse-library-1.12.0/ParseUI.framework"; sourceTree = "<group>"; };
		B237EBB11CA063D70031136B /* Bolts.framework */ = {isa = PBXFileReference; lastKnownFileType = wrapper.framework; name = Bolts.framework; path = "parse-library-1.12.0/Bolts.framework"; sourceTree = "<group>"; };
		B237EBB31CA064440031136B /* libsqlite3.0.tbd */ = {isa = PBXFileReference; lastKnownFileType = "sourcecode.text-based-dylib-definition"; name = libsqlite3.0.tbd; path = usr/lib/libsqlite3.0.tbd; sourceTree = SDKROOT; };
		B237EBB51CA0644F0031136B /* libz.tbd */ = {isa = PBXFileReference; lastKnownFileType = "sourcecode.text-based-dylib-definition"; name = libz.tbd; path = usr/lib/libz.tbd; sourceTree = SDKROOT; };
		B237EBB71CA064910031136B /* ParseTwitterUtils.framework */ = {isa = PBXFileReference; lastKnownFileType = wrapper.framework; name = ParseTwitterUtils.framework; path = "parse-library-1.12.0/ParseTwitterUtils.framework"; sourceTree = "<group>"; };
		B237EBB91CA064B20031136B /* SystemConfiguration.framework */ = {isa = PBXFileReference; lastKnownFileType = wrapper.framework; name = SystemConfiguration.framework; path = System/Library/Frameworks/SystemConfiguration.framework; sourceTree = SDKROOT; };
		B237EBBB1CA064C50031136B /* StoreKit.framework */ = {isa = PBXFileReference; lastKnownFileType = wrapper.framework; name = StoreKit.framework; path = System/Library/Frameworks/StoreKit.framework; sourceTree = SDKROOT; };
		B237EBBD1CA064CB0031136B /* Security.framework */ = {isa = PBXFileReference; lastKnownFileType = wrapper.framework; name = Security.framework; path = System/Library/Frameworks/Security.framework; sourceTree = SDKROOT; };
		B237EBBF1CA064DF0031136B /* QuartzCore.framework */ = {isa = PBXFileReference; lastKnownFileType = wrapper.framework; name = QuartzCore.framework; path = System/Library/Frameworks/QuartzCore.framework; sourceTree = SDKROOT; };
		B237EBC11CA064E90031136B /* CoreLocation.framework */ = {isa = PBXFileReference; lastKnownFileType = wrapper.framework; name = CoreLocation.framework; path = System/Library/Frameworks/CoreLocation.framework; sourceTree = SDKROOT; };
		B237EBC31CA065010031136B /* CoreGraphics.framework */ = {isa = PBXFileReference; lastKnownFileType = wrapper.framework; name = CoreGraphics.framework; path = System/Library/Frameworks/CoreGraphics.framework; sourceTree = SDKROOT; };
		B237EBC51CA065140031136B /* CFNetwork.framework */ = {isa = PBXFileReference; lastKnownFileType = wrapper.framework; name = CFNetwork.framework; path = System/Library/Frameworks/CFNetwork.framework; sourceTree = SDKROOT; };
		B237EBC71CA065310031136B /* AudioToolbox.framework */ = {isa = PBXFileReference; lastKnownFileType = wrapper.framework; name = AudioToolbox.framework; path = System/Library/Frameworks/AudioToolbox.framework; sourceTree = SDKROOT; };
		B296BE231CC2C2ED00E7BDB7 /* SettingsViewController.h */ = {isa = PBXFileReference; fileEncoding = 4; lastKnownFileType = sourcecode.c.h; path = SettingsViewController.h; sourceTree = "<group>"; };
		B296BE241CC2C2ED00E7BDB7 /* SettingsViewController.m */ = {isa = PBXFileReference; fileEncoding = 4; lastKnownFileType = sourcecode.c.objc; path = SettingsViewController.m; sourceTree = "<group>"; };
/* End PBXFileReference section */

/* Begin PBXFrameworksBuildPhase section */
		B237EB6A1CA0256F0031136B /* Frameworks */ = {
			isa = PBXFrameworksBuildPhase;
			buildActionMask = 2147483647;
			files = (
				B237EBC81CA065310031136B /* AudioToolbox.framework in Frameworks */,
				B237EBC61CA065140031136B /* CFNetwork.framework in Frameworks */,
				B237EBC41CA065010031136B /* CoreGraphics.framework in Frameworks */,
				B237EBC21CA064E90031136B /* CoreLocation.framework in Frameworks */,
				B237EBC01CA064DF0031136B /* QuartzCore.framework in Frameworks */,
				B237EBBE1CA064CB0031136B /* Security.framework in Frameworks */,
				B237EBBC1CA064C50031136B /* StoreKit.framework in Frameworks */,
				B237EBBA1CA064B20031136B /* SystemConfiguration.framework in Frameworks */,
				B237EBB61CA0644F0031136B /* libz.tbd in Frameworks */,
				B237EBB41CA064440031136B /* libsqlite3.0.tbd in Frameworks */,
				B237EBB21CA063D70031136B /* Bolts.framework in Frameworks */,
				B237EBB01CA049ED0031136B /* ParseUI.framework in Frameworks */,
				B237EBB81CA064910031136B /* ParseTwitterUtils.framework in Frameworks */,
				B237EBA91CA040E70031136B /* Parse.framework in Frameworks */,
			);
			runOnlyForDeploymentPostprocessing = 0;
		};
		B237EB831CA0256F0031136B /* Frameworks */ = {
			isa = PBXFrameworksBuildPhase;
			buildActionMask = 2147483647;
			files = (
			);
			runOnlyForDeploymentPostprocessing = 0;
		};
		B237EB8E1CA0256F0031136B /* Frameworks */ = {
			isa = PBXFrameworksBuildPhase;
			buildActionMask = 2147483647;
			files = (
			);
			runOnlyForDeploymentPostprocessing = 0;
		};
/* End PBXFrameworksBuildPhase section */

/* Begin PBXGroup section */
		B237EB641CA0256F0031136B = {
			isa = PBXGroup;
			children = (
				B237EBC71CA065310031136B /* AudioToolbox.framework */,
				B237EBC51CA065140031136B /* CFNetwork.framework */,
				B237EBC31CA065010031136B /* CoreGraphics.framework */,
				B237EBC11CA064E90031136B /* CoreLocation.framework */,
				B237EBBF1CA064DF0031136B /* QuartzCore.framework */,
				B237EBBD1CA064CB0031136B /* Security.framework */,
				B237EBBB1CA064C50031136B /* StoreKit.framework */,
				B237EBB91CA064B20031136B /* SystemConfiguration.framework */,
				B237EBB51CA0644F0031136B /* libz.tbd */,
				B237EBB31CA064440031136B /* libsqlite3.0.tbd */,
				B237EBA61CA027680031136B /* parse-library-1.12.0 */,
				B237EBB11CA063D70031136B /* Bolts.framework */,
				B237EBB71CA064910031136B /* ParseTwitterUtils.framework */,
				B237EBAF1CA049ED0031136B /* ParseUI.framework */,
				B237EBA81CA040E70031136B /* Parse.framework */,
				B237EB6F1CA0256F0031136B /* NearablesTouristLocationApplicationOwner */,
				B237EB891CA0256F0031136B /* NearablesTouristLocationApplicationOwnerTests */,
				B237EB941CA0256F0031136B /* NearablesTouristLocationApplicationOwnerUITests */,
				B237EB6E1CA0256F0031136B /* Products */,
			);
			sourceTree = "<group>";
		};
		B237EB6E1CA0256F0031136B /* Products */ = {
			isa = PBXGroup;
			children = (
				B237EB6D1CA0256F0031136B /* NearablesTouristLocationApplicationOwner.app */,
				B237EB861CA0256F0031136B /* NearablesTouristLocationApplicationOwnerTests.xctest */,
				B237EB911CA0256F0031136B /* NearablesTouristLocationApplicationOwnerUITests.xctest */,
			);
			name = Products;
			sourceTree = "<group>";
		};
		B237EB6F1CA0256F0031136B /* NearablesTouristLocationApplicationOwner */ = {
			isa = PBXGroup;
			children = (
				B237EB731CA0256F0031136B /* AppDelegate.h */,
				B237EB741CA0256F0031136B /* AppDelegate.m */,
				B237EBA31CA0271F0031136B /* OwnerLoginViewController.h */,
				B237EBA41CA0271F0031136B /* OwnerLoginViewController.m */,
				B237EB791CA0256F0031136B /* Main.storyboard */,
				B296BE231CC2C2ED00E7BDB7 /* SettingsViewController.h */,
				B296BE241CC2C2ED00E7BDB7 /* SettingsViewController.m */,
				B237EBAA1CA045820031136B /* AdminViewController.h */,
				B237EBAB1CA045820031136B /* AdminViewController.m */,
				B237EB7C1CA0256F0031136B /* Assets.xcassets */,
				B237EB7E1CA0256F0031136B /* LaunchScreen.storyboard */,
				B237EB811CA0256F0031136B /* Info.plist */,
				B237EB701CA0256F0031136B /* Supporting Files */,
			);
			path = NearablesTouristLocationApplicationOwner;
			sourceTree = "<group>";
		};
		B237EB701CA0256F0031136B /* Supporting Files */ = {
			isa = PBXGroup;
			children = (
				B237EB711CA0256F0031136B /* main.m */,
			);
			name = "Supporting Files";
			sourceTree = "<group>";
		};
		B237EB891CA0256F0031136B /* NearablesTouristLocationApplicationOwnerTests */ = {
			isa = PBXGroup;
			children = (
				B237EB8A1CA0256F0031136B /* NearablesTouristLocationApplicationOwnerTests.m */,
				B237EB8C1CA0256F0031136B /* Info.plist */,
			);
			path = NearablesTouristLocationApplicationOwnerTests;
			sourceTree = "<group>";
		};
		B237EB941CA0256F0031136B /* NearablesTouristLocationApplicationOwnerUITests */ = {
			isa = PBXGroup;
			children = (
				B237EB951CA0256F0031136B /* NearablesTouristLocationApplicationOwnerUITests.m */,
				B237EB971CA0256F0031136B /* Info.plist */,
			);
			path = NearablesTouristLocationApplicationOwnerUITests;
			sourceTree = "<group>";
		};
/* End PBXGroup section */

/* Begin PBXNativeTarget section */
		B237EB6C1CA0256F0031136B /* NearablesTouristLocationApplicationOwner */ = {
			isa = PBXNativeTarget;
			buildConfigurationList = B237EB9A1CA0256F0031136B /* Build configuration list for PBXNativeTarget "NearablesTouristLocationApplicationOwner" */;
			buildPhases = (
				B237EB691CA0256F0031136B /* Sources */,
				B237EB6A1CA0256F0031136B /* Frameworks */,
				B237EB6B1CA0256F0031136B /* Resources */,
			);
			buildRules = (
			);
			dependencies = (
			);
			name = NearablesTouristLocationApplicationOwner;
			productName = NearablesTouristLocationApplicationOwner;
			productReference = B237EB6D1CA0256F0031136B /* NearablesTouristLocationApplicationOwner.app */;
			productType = "com.apple.product-type.application";
		};
		B237EB851CA0256F0031136B /* NearablesTouristLocationApplicationOwnerTests */ = {
			isa = PBXNativeTarget;
			buildConfigurationList = B237EB9D1CA0256F0031136B /* Build configuration list for PBXNativeTarget "NearablesTouristLocationApplicationOwnerTests" */;
			buildPhases = (
				B237EB821CA0256F0031136B /* Sources */,
				B237EB831CA0256F0031136B /* Frameworks */,
				B237EB841CA0256F0031136B /* Resources */,
			);
			buildRules = (
			);
			dependencies = (
				B237EB881CA0256F0031136B /* PBXTargetDependency */,
			);
			name = NearablesTouristLocationApplicationOwnerTests;
			productName = NearablesTouristLocationApplicationOwnerTests;
			productReference = B237EB861CA0256F0031136B /* NearablesTouristLocationApplicationOwnerTests.xctest */;
			productType = "com.apple.product-type.bundle.unit-test";
		};
		B237EB901CA0256F0031136B /* NearablesTouristLocationApplicationOwnerUITests */ = {
			isa = PBXNativeTarget;
			buildConfigurationList = B237EBA01CA0256F0031136B /* Build configuration list for PBXNativeTarget "NearablesTouristLocationApplicationOwnerUITests" */;
			buildPhases = (
				B237EB8D1CA0256F0031136B /* Sources */,
				B237EB8E1CA0256F0031136B /* Frameworks */,
				B237EB8F1CA0256F0031136B /* Resources */,
			);
			buildRules = (
			);
			dependencies = (
				B237EB931CA0256F0031136B /* PBXTargetDependency */,
			);
			name = NearablesTouristLocationApplicationOwnerUITests;
			productName = NearablesTouristLocationApplicationOwnerUITests;
			productReference = B237EB911CA0256F0031136B /* NearablesTouristLocationApplicationOwnerUITests.xctest */;
			productType = "com.apple.product-type.bundle.ui-testing";
		};
/* End PBXNativeTarget section */

/* Begin PBXProject section */
		B237EB651CA0256F0031136B /* Project object */ = {
			isa = PBXProject;
			attributes = {
				LastUpgradeCheck = 0720;
				ORGANIZATIONNAME = "Toireasa Moley";
				TargetAttributes = {
					B237EB6C1CA0256F0031136B = {
						CreatedOnToolsVersion = 7.2.1;
						DevelopmentTeam = 67P8J643R9;
					};
					B237EB851CA0256F0031136B = {
						CreatedOnToolsVersion = 7.2.1;
						DevelopmentTeam = 67P8J643R9;
						TestTargetID = B237EB6C1CA0256F0031136B;
					};
					B237EB901CA0256F0031136B = {
						CreatedOnToolsVersion = 7.2.1;
						DevelopmentTeam = 67P8J643R9;
						TestTargetID = B237EB6C1CA0256F0031136B;
					};
				};
			};
			buildConfigurationList = B237EB681CA0256F0031136B /* Build configuration list for PBXProject "NearablesTouristLocationApplicationOwner" */;
			compatibilityVersion = "Xcode 3.2";
			developmentRegion = English;
			hasScannedForEncodings = 0;
			knownRegions = (
				en,
				Base,
			);
			mainGroup = B237EB641CA0256F0031136B;
			productRefGroup = B237EB6E1CA0256F0031136B /* Products */;
			projectDirPath = "";
			projectRoot = "";
			targets = (
				B237EB6C1CA0256F0031136B /* NearablesTouristLocationApplicationOwner */,
				B237EB851CA0256F0031136B /* NearablesTouristLocationApplicationOwnerTests */,
				B237EB901CA0256F0031136B /* NearablesTouristLocationApplicationOwnerUITests */,
			);
		};
/* End PBXProject section */

/* Begin PBXResourcesBuildPhase section */
		B237EB6B1CA0256F0031136B /* Resources */ = {
			isa = PBXResourcesBuildPhase;
			buildActionMask = 2147483647;
			files = (
				B237EB801CA0256F0031136B /* LaunchScreen.storyboard in Resources */,
				B237EB7D1CA0256F0031136B /* Assets.xcassets in Resources */,
				B237EBA71CA027680031136B /* parse-library-1.12.0 in Resources */,
				B237EB7B1CA0256F0031136B /* Main.storyboard in Resources */,
			);
			runOnlyForDeploymentPostprocessing = 0;
		};
		B237EB841CA0256F0031136B /* Resources */ = {
			isa = PBXResourcesBuildPhase;
			buildActionMask = 2147483647;
			files = (
			);
			runOnlyForDeploymentPostprocessing = 0;
		};
		B237EB8F1CA0256F0031136B /* Resources */ = {
			isa = PBXResourcesBuildPhase;
			buildActionMask = 2147483647;
			files = (
			);
			runOnlyForDeploymentPostprocessing = 0;
		};
/* End PBXResourcesBuildPhase section */

/* Begin PBXSourcesBuildPhase section */
		B237EB691CA0256F0031136B /* Sources */ = {
			isa = PBXSourcesBuildPhase;
			buildActionMask = 2147483647;
			files = (
				B237EBA51CA0271F0031136B /* OwnerLoginViewController.m in Sources */,
				B237EBAC1CA045820031136B /* AdminViewController.m in Sources */,
				B296BE251CC2C2ED00E7BDB7 /* SettingsViewController.m in Sources */,
				B237EB751CA0256F0031136B /* AppDelegate.m in Sources */,
				B237EB721CA0256F0031136B /* main.m in Sources */,
			);
			runOnlyForDeploymentPostprocessing = 0;
		};
		B237EB821CA0256F0031136B /* Sources */ = {
			isa = PBXSourcesBuildPhase;
			buildActionMask = 2147483647;
			files = (
				B237EB8B1CA0256F0031136B /* NearablesTouristLocationApplicationOwnerTests.m in Sources */,
			);
			runOnlyForDeploymentPostprocessing = 0;
		};
		B237EB8D1CA0256F0031136B /* Sources */ = {
			isa = PBXSourcesBuildPhase;
			buildActionMask = 2147483647;
			files = (
				B237EB961CA0256F0031136B /* NearablesTouristLocationApplicationOwnerUITests.m in Sources */,
			);
			runOnlyForDeploymentPostprocessing = 0;
		};
/* End PBXSourcesBuildPhase section */

/* Begin PBXTargetDependency section */
		B237EB881CA0256F0031136B /* PBXTargetDependency */ = {
			isa = PBXTargetDependency;
			target = B237EB6C1CA0256F0031136B /* NearablesTouristLocationApplicationOwner */;
			targetProxy = B237EB871CA0256F0031136B /* PBXContainerItemProxy */;
		};
		B237EB931CA0256F0031136B /* PBXTargetDependency */ = {
			isa = PBXTargetDependency;
			target = B237EB6C1CA0256F0031136B /* NearablesTouristLocationApplicationOwner */;
			targetProxy = B237EB921CA0256F0031136B /* PBXContainerItemProxy */;
		};
/* End PBXTargetDependency section */

/* Begin PBXVariantGroup section */
		B237EB791CA0256F0031136B /* Main.storyboard */ = {
			isa = PBXVariantGroup;
			children = (
				B237EB7A1CA0256F0031136B /* Base */,
			);
			name = Main.storyboard;
			sourceTree = "<group>";
		};
		B237EB7E1CA0256F0031136B /* LaunchScreen.storyboard */ = {
			isa = PBXVariantGroup;
			children = (
				B237EB7F1CA0256F0031136B /* Base */,
			);
			name = LaunchScreen.storyboard;
			sourceTree = "<group>";
		};
/* End PBXVariantGroup section */

/* Begin XCBuildConfiguration section */
		B237EB981CA0256F0031136B /* Debug */ = {
			isa = XCBuildConfiguration;
			buildSettings = {
				ALWAYS_SEARCH_USER_PATHS = NO;
				CLANG_CXX_LANGUAGE_STANDARD = "gnu++0x";
				CLANG_CXX_LIBRARY = "libc++";
				CLANG_ENABLE_MODULES = YES;
				CLANG_ENABLE_OBJC_ARC = YES;
				CLANG_WARN_BOOL_CONVERSION = YES;
				CLANG_WARN_CONSTANT_CONVERSION = YES;
				CLANG_WARN_DIRECT_OBJC_ISA_USAGE = YES_ERROR;
				CLANG_WARN_EMPTY_BODY = YES;
				CLANG_WARN_ENUM_CONVERSION = YES;
				CLANG_WARN_INT_CONVERSION = YES;
				CLANG_WARN_OBJC_ROOT_CLASS = YES_ERROR;
				CLANG_WARN_UNREACHABLE_CODE = YES;
				CLANG_WARN__DUPLICATE_METHOD_MATCH = YES;
				"CODE_SIGN_IDENTITY[sdk=iphoneos*]" = "iPhone Developer";
				COPY_PHASE_STRIP = NO;
				DEBUG_INFORMATION_FORMAT = dwarf;
				ENABLE_STRICT_OBJC_MSGSEND = YES;
				ENABLE_TESTABILITY = YES;
				GCC_C_LANGUAGE_STANDARD = gnu99;
				GCC_DYNAMIC_NO_PIC = NO;
				GCC_NO_COMMON_BLOCKS = YES;
				GCC_OPTIMIZATION_LEVEL = 0;
				GCC_PREPROCESSOR_DEFINITIONS = (
					"DEBUG=1",
					"$(inherited)",
				);
				GCC_WARN_64_TO_32_BIT_CONVERSION = YES;
				GCC_WARN_ABOUT_RETURN_TYPE = YES_ERROR;
				GCC_WARN_UNDECLARED_SELECTOR = YES;
				GCC_WARN_UNINITIALIZED_AUTOS = YES_AGGRESSIVE;
				GCC_WARN_UNUSED_FUNCTION = YES;
				GCC_WARN_UNUSED_VARIABLE = YES;
				IPHONEOS_DEPLOYMENT_TARGET = 9.2;
				MTL_ENABLE_DEBUG_INFO = YES;
				ONLY_ACTIVE_ARCH = YES;
				SDKROOT = iphoneos;
				TARGETED_DEVICE_FAMILY = "1,2";
			};
			name = Debug;
		};
		B237EB991CA0256F0031136B /* Release */ = {
			isa = XCBuildConfiguration;
			buildSettings = {
				ALWAYS_SEARCH_USER_PATHS = NO;
				CLANG_CXX_LANGUAGE_STANDARD = "gnu++0x";
				CLANG_CXX_LIBRARY = "libc++";
				CLANG_ENABLE_MODULES = YES;
				CLANG_ENABLE_OBJC_ARC = YES;
				CLANG_WARN_BOOL_CONVERSION = YES;
				CLANG_WARN_CONSTANT_CONVERSION = YES;
				CLANG_WARN_DIRECT_OBJC_ISA_USAGE = YES_ERROR;
				CLANG_WARN_EMPTY_BODY = YES;
				CLANG_WARN_ENUM_CONVERSION = YES;
				CLANG_WARN_INT_CONVERSION = YES;
				CLANG_WARN_OBJC_ROOT_CLASS = YES_ERROR;
				CLANG_WARN_UNREACHABLE_CODE = YES;
				CLANG_WARN__DUPLICATE_METHOD_MATCH = YES;
				"CODE_SIGN_IDENTITY[sdk=iphoneos*]" = "iPhone Developer";
				COPY_PHASE_STRIP = NO;
				DEBUG_INFORMATION_FORMAT = "dwarf-with-dsym";
				ENABLE_NS_ASSERTIONS = NO;
				ENABLE_STRICT_OBJC_MSGSEND = YES;
				GCC_C_LANGUAGE_STANDARD = gnu99;
				GCC_NO_COMMON_BLOCKS = YES;
				GCC_WARN_64_TO_32_BIT_CONVERSION = YES;
				GCC_WARN_ABOUT_RETURN_TYPE = YES_ERROR;
				GCC_WARN_UNDECLARED_SELECTOR = YES;
				GCC_WARN_UNINITIALIZED_AUTOS = YES_AGGRESSIVE;
				GCC_WARN_UNUSED_FUNCTION = YES;
				GCC_WARN_UNUSED_VARIABLE = YES;
				IPHONEOS_DEPLOYMENT_TARGET = 9.2;
				MTL_ENABLE_DEBUG_INFO = NO;
				SDKROOT = iphoneos;
				TARGETED_DEVICE_FAMILY = "1,2";
				VALIDATE_PRODUCT = YES;
			};
			name = Release;
		};
		B237EB9B1CA0256F0031136B /* Debug */ = {
			isa = XCBuildConfiguration;
			buildSettings = {
				ASSETCATALOG_COMPILER_APPICON_NAME = AppIcon;
				FRAMEWORK_SEARCH_PATHS = (
					"$(inherited)",
					"$(PROJECT_DIR)/parse-library-1.12.0",
					"$(PROJECT_DIR)/NearablesTouristLocationApplicationOwner",
				);
				INFOPLIST_FILE = NearablesTouristLocationApplicationOwner/Info.plist;
				IPHONEOS_DEPLOYMENT_TARGET = 9.1;
				LD_RUNPATH_SEARCH_PATHS = "$(inherited) @executable_path/Frameworks";
				PRODUCT_BUNDLE_IDENTIFIER = toireasa.NearablesTouristLocationApplicationOwner;
				PRODUCT_NAME = "$(TARGET_NAME)";
			};
			name = Debug;
		};
		B237EB9C1CA0256F0031136B /* Release */ = {
			isa = XCBuildConfiguration;
			buildSettings = {
				ASSETCATALOG_COMPILER_APPICON_NAME = AppIcon;
				FRAMEWORK_SEARCH_PATHS = (
					"$(inherited)",
					"$(PROJECT_DIR)/parse-library-1.12.0",
					"$(PROJECT_DIR)/NearablesTouristLocationApplicationOwner",
				);
				INFOPLIST_FILE = NearablesTouristLocationApplicationOwner/Info.plist;
				IPHONEOS_DEPLOYMENT_TARGET = 9.1;
				LD_RUNPATH_SEARCH_PATHS = "$(inherited) @executable_path/Frameworks";
				PRODUCT_BUNDLE_IDENTIFIER = toireasa.NearablesTouristLocationApplicationOwner;
				PRODUCT_NAME = "$(TARGET_NAME)";
			};
			name = Release;
		};
		B237EB9E1CA0256F0031136B /* Debug */ = {
			isa = XCBuildConfiguration;
			buildSettings = {
				BUNDLE_LOADER = "$(TEST_HOST)";
				INFOPLIST_FILE = NearablesTouristLocationApplicationOwnerTests/Info.plist;
				LD_RUNPATH_SEARCH_PATHS = "$(inherited) @executable_path/Frameworks @loader_path/Frameworks";
				PRODUCT_BUNDLE_IDENTIFIER = toireasa.NearablesTouristLocationApplicationOwnerTests;
				PRODUCT_NAME = "$(TARGET_NAME)";
				TEST_HOST = "$(BUILT_PRODUCTS_DIR)/NearablesTouristLocationApplicationOwner.app/NearablesTouristLocationApplicationOwner";
			};
			name = Debug;
		};
		B237EB9F1CA0256F0031136B /* Release */ = {
			isa = XCBuildConfiguration;
			buildSettings = {
				BUNDLE_LOADER = "$(TEST_HOST)";
				INFOPLIST_FILE = NearablesTouristLocationApplicationOwnerTests/Info.plist;
				LD_RUNPATH_SEARCH_PATHS = "$(inherited) @executable_path/Frameworks @loader_path/Frameworks";
				PRODUCT_BUNDLE_IDENTIFIER = toireasa.NearablesTouristLocationApplicationOwnerTests;
				PRODUCT_NAME = "$(TARGET_NAME)";
				TEST_HOST = "$(BUILT_PRODUCTS_DIR)/NearablesTouristLocationApplicationOwner.app/NearablesTouristLocationApplicationOwner";
			};
			name = Release;
		};
		B237EBA11CA0256F0031136B /* Debug */ = {
			isa = XCBuildConfiguration;
			buildSettings = {
				INFOPLIST_FILE = NearablesTouristLocationApplicationOwnerUITests/Info.plist;
				LD_RUNPATH_SEARCH_PATHS = "$(inherited) @executable_path/Frameworks @loader_path/Frameworks";
				PRODUCT_BUNDLE_IDENTIFIER = toireasa.NearablesTouristLocationApplicationOwnerUITests;
				PRODUCT_NAME = "$(TARGET_NAME)";
				TEST_TARGET_NAME = NearablesTouristLocationApplicationOwner;
				USES_XCTRUNNER = YES;
			};
			name = Debug;
		};
		B237EBA21CA0256F0031136B /* Release */ = {
			isa = XCBuildConfiguration;
			buildSettings = {
				INFOPLIST_FILE = NearablesTouristLocationApplicationOwnerUITests/Info.plist;
				LD_RUNPATH_SEARCH_PATHS = "$(inherited) @executable_path/Frameworks @loader_path/Frameworks";
				PRODUCT_BUNDLE_IDENTIFIER = toireasa.NearablesTouristLocationApplicationOwnerUITests;
				PRODUCT_NAME = "$(TARGET_NAME)";
				TEST_TARGET_NAME = NearablesTouristLocationApplicationOwner;
				USES_XCTRUNNER = YES;
			};
			name = Release;
		};
/* End XCBuildConfiguration section */

/* Begin XCConfigurationList section */
		B237EB681CA0256F0031136B /* Build configuration list for PBXProject "NearablesTouristLocationApplicationOwner" */ = {
			isa = XCConfigurationList;
			buildConfigurations = (
				B237EB981CA0256F0031136B /* Debug */,
				B237EB991CA0256F0031136B /* Release */,
			);
			defaultConfigurationIsVisible = 0;
			defaultConfigurationName = Release;
		};
		B237EB9A1CA0256F0031136B /* Build configuration list for PBXNativeTarget "NearablesTouristLocationApplicationOwner" */ = {
			isa = XCConfigurationList;
			buildConfigurations = (
				B237EB9B1CA0256F0031136B /* Debug */,
				B237EB9C1CA0256F0031136B /* Release */,
			);
			defaultConfigurationIsVisible = 0;
			defaultConfigurationName = Release;
		};
		B237EB9D1CA0256F0031136B /* Build configuration list for PBXNativeTarget "NearablesTouristLocationApplicationOwnerTests" */ = {
			isa = XCConfigurationList;
			buildConfigurations = (
				B237EB9E1CA0256F0031136B /* Debug */,
				B237EB9F1CA0256F0031136B /* Release */,
			);
			defaultConfigurationIsVisible = 0;
			defaultConfigurationName = Release;
		};
		B237EBA01CA0256F0031136B /* Build configuration list for PBXNativeTarget "NearablesTouristLocationApplicationOwnerUITests" */ = {
			isa = XCConfigurationList;
			buildConfigurations = (
				B237EBA11CA0256F0031136B /* Debug */,
				B237EBA21CA0256F0031136B /* Release */,
			);
			defaultConfigurationIsVisible = 0;
			defaultConfigurationName = Release;
		};
/* End XCConfigurationList section */
	};
	rootObject = B237EB651CA0256F0031136B /* Project object */;
}
